
Microsoft Visual Studio Solution File, Format Version 12.00
# Visual Studio Version 16
VisualStudioVersion = 16.0.30413.136
MinimumVisualStudioVersion = 10.0.40219.1
Project("{FAE04EC0-301F-11D3-BF4B-00C04F79EFBC}") = "epickyextremniprg", "epickyextremniprg\epickyextremniprg.csproj", "{694179A0-1CFE-4AC0-83FC-F0BE1A9D238F}"
EndProject
Project("{FAE04EC0-301F-11D3-BF4B-00C04F79EFBC}") = "UnitTestProject1", "UnitTestProject1\UnitTestProject1.csproj", "{5914FDD1-9A6B-4C34-862C-41502CED97F5}"
EndProject
Global
	GlobalSection(SolutionConfigurationPlatforms) = preSolution
		Debug|Any CPU = Debug|Any CPU
		Release|Any CPU = Release|Any CPU
	EndGlobalSection
	GlobalSection(ProjectConfigurationPlatforms) = postSolution
		{694179A0-1CFE-4AC0-83FC-F0BE1A9D238F}.Debug|Any CPU.ActiveCfg = Debug|Any CPU
		{694179A0-1CFE-4AC0-83FC-F0BE1A9D238F}.Debug|Any CPU.Build.0 = Debug|Any CPU
		{694179A0-1CFE-4AC0-83FC-F0BE1A9D238F}.Release|Any CPU.ActiveCfg = Release|Any CPU
		{694179A0-1CFE-4AC0-83FC-F0BE1A9D238F}.Release|Any CPU.Build.0 = Release|Any CPU
		{5914FDD1-9A6B-4C34-862C-41502CED97F5}.Debug|Any CPU.ActiveCfg = Debug|Any CPU
		{5914FDD1-9A6B-4C34-862C-41502CED97F5}.Debug|Any CPU.Build.0 = Debug|Any CPU
		{5914FDD1-9A6B-4C34-862C-41502CED97F5}.Release|Any CPU.ActiveCfg = Release|Any CPU
		{5914FDD1-9A6B-4C34-862C-41502CED97F5}.Release|Any CPU.Build.0 = Release|Any CPU
	EndGlobalSection
	GlobalSection(SolutionProperties) = preSolution
		HideSolutionNode = FALSE
	EndGlobalSection
	GlobalSection(ExtensibilityGlobals) = postSolution
		SolutionGuid = {472EF3A9-93D1-4BE0-BD9C-BA3206615581}
	EndGlobalSection
EndGlobal
